
Microsoft Visual Studio Solution File, Format Version 12.00
# Visual Studio 15
VisualStudioVersion = 15.0.27130.2024
MinimumVisualStudioVersion = 10.0.40219.1
Project("{FAE04EC0-301F-11D3-BF4B-00C04F79EFBC}") = "NewAssesment", "NewAssesment\NewAssesment.csproj", "{245EFE2C-4DD8-44DB-8A9B-7E1280F5EC71}"
EndProject
Global
	GlobalSection(SolutionConfigurationPlatforms) = preSolution
		Debug|Any CPU = Debug|Any CPU
		Release|Any CPU = Release|Any CPU
	EndGlobalSection
	GlobalSection(ProjectConfigurationPlatforms) = postSolution
		{245EFE2C-4DD8-44DB-8A9B-7E1280F5EC71}.Debug|Any CPU.ActiveCfg = Debug|Any CPU
		{245EFE2C-4DD8-44DB-8A9B-7E1280F5EC71}.Debug|Any CPU.Build.0 = Debug|Any CPU
		{245EFE2C-4DD8-44DB-8A9B-7E1280F5EC71}.Release|Any CPU.ActiveCfg = Release|Any CPU
		{245EFE2C-4DD8-44DB-8A9B-7E1280F5EC71}.Release|Any CPU.Build.0 = Release|Any CPU
	EndGlobalSection
	GlobalSection(SolutionProperties) = preSolution
		HideSolutionNode = FALSE
	EndGlobalSection
	GlobalSection(ExtensibilityGlobals) = postSolution
		SolutionGuid = {CEEB9C2E-37EB-49C6-A757-B202A898FE5D}
	EndGlobalSection
EndGlobal
