
Microsoft Visual Studio Solution File, Format Version 12.00
# Visual Studio 15
VisualStudioVersion = 15.0.27130.2024
MinimumVisualStudioVersion = 10.0.40219.1
Project("{FAE04EC0-301F-11D3-BF4B-00C04F79EFBC}") = "Assesment.Web", "Assesment.Web\Assesment.Web.csproj", "{4825F566-82D0-4085-BF12-70FD761F4E50}"
EndProject
Global
	GlobalSection(SolutionConfigurationPlatforms) = preSolution
		Debug|Any CPU = Debug|Any CPU
		Release|Any CPU = Release|Any CPU
	EndGlobalSection
	GlobalSection(ProjectConfigurationPlatforms) = postSolution
		{4825F566-82D0-4085-BF12-70FD761F4E50}.Debug|Any CPU.ActiveCfg = Debug|Any CPU
		{4825F566-82D0-4085-BF12-70FD761F4E50}.Debug|Any CPU.Build.0 = Debug|Any CPU
		{4825F566-82D0-4085-BF12-70FD761F4E50}.Release|Any CPU.ActiveCfg = Release|Any CPU
		{4825F566-82D0-4085-BF12-70FD761F4E50}.Release|Any CPU.Build.0 = Release|Any CPU
	EndGlobalSection
	GlobalSection(SolutionProperties) = preSolution
		HideSolutionNode = FALSE
	EndGlobalSection
	GlobalSection(ExtensibilityGlobals) = postSolution
		SolutionGuid = {CEEB9C2E-37EB-49C6-A757-B202A898FE5D}
	EndGlobalSection
EndGlobal
